
Microsoft Visual Studio Solution File, Format Version 12.00
# Visual Studio 15
VisualStudioVersion = 15.0.34112.143
MinimumVisualStudioVersion = 10.0.40219.1
Project("{8BC9CEB8-8B4A-11D0-8D11-00A0C91BC942}") = "coursHeritage", "coursHeritage\coursHeritage.vcxproj", "{C5264084-DCA1-4ABB-94BD-0D138C85C6CF}"
EndProject
Global
	GlobalSection(SolutionConfigurationPlatforms) = preSolution
		Debug|x64 = Debug|x64
		Debug|x86 = Debug|x86
		Release|x64 = Release|x64
		Release|x86 = Release|x86
	EndGlobalSection
	GlobalSection(ProjectConfigurationPlatforms) = postSolution
		{C5264084-DCA1-4ABB-94BD-0D138C85C6CF}.Debug|x64.ActiveCfg = Debug|x64
		{C5264084-DCA1-4ABB-94BD-0D138C85C6CF}.Debug|x64.Build.0 = Debug|x64
		{C5264084-DCA1-4ABB-94BD-0D138C85C6CF}.Debug|x86.ActiveCfg = Debug|Win32
		{C5264084-DCA1-4ABB-94BD-0D138C85C6CF}.Debug|x86.Build.0 = Debug|Win32
		{C5264084-DCA1-4ABB-94BD-0D138C85C6CF}.Release|x64.ActiveCfg = Release|x64
		{C5264084-DCA1-4ABB-94BD-0D138C85C6CF}.Release|x64.Build.0 = Release|x64
		{C5264084-DCA1-4ABB-94BD-0D138C85C6CF}.Release|x86.ActiveCfg = Release|Win32
		{C5264084-DCA1-4ABB-94BD-0D138C85C6CF}.Release|x86.Build.0 = Release|Win32
	EndGlobalSection
	GlobalSection(SolutionProperties) = preSolution
		HideSolutionNode = FALSE
	EndGlobalSection
	GlobalSection(ExtensibilityGlobals) = postSolution
		SolutionGuid = {79016C7D-9893-4EA6-896A-3E885AAA23F2}
	EndGlobalSection
EndGlobal
