
Microsoft Visual Studio Solution File, Format Version 12.00
# Visual Studio 15
VisualStudioVersion = 15.0.34112.143
MinimumVisualStudioVersion = 10.0.40219.1
Project("{8BC9CEB8-8B4A-11D0-8D11-00A0C91BC942}") = "exempleCours", "exempleCours\exempleCours.vcxproj", "{B2B25F09-FF72-480C-A8F1-FDBA9BB2CF06}"
EndProject
Global
	GlobalSection(SolutionConfigurationPlatforms) = preSolution
		Debug|x64 = Debug|x64
		Debug|x86 = Debug|x86
		Release|x64 = Release|x64
		Release|x86 = Release|x86
	EndGlobalSection
	GlobalSection(ProjectConfigurationPlatforms) = postSolution
		{B2B25F09-FF72-480C-A8F1-FDBA9BB2CF06}.Debug|x64.ActiveCfg = Debug|x64
		{B2B25F09-FF72-480C-A8F1-FDBA9BB2CF06}.Debug|x64.Build.0 = Debug|x64
		{B2B25F09-FF72-480C-A8F1-FDBA9BB2CF06}.Debug|x86.ActiveCfg = Debug|Win32
		{B2B25F09-FF72-480C-A8F1-FDBA9BB2CF06}.Debug|x86.Build.0 = Debug|Win32
		{B2B25F09-FF72-480C-A8F1-FDBA9BB2CF06}.Release|x64.ActiveCfg = Release|x64
		{B2B25F09-FF72-480C-A8F1-FDBA9BB2CF06}.Release|x64.Build.0 = Release|x64
		{B2B25F09-FF72-480C-A8F1-FDBA9BB2CF06}.Release|x86.ActiveCfg = Release|Win32
		{B2B25F09-FF72-480C-A8F1-FDBA9BB2CF06}.Release|x86.Build.0 = Release|Win32
	EndGlobalSection
	GlobalSection(SolutionProperties) = preSolution
		HideSolutionNode = FALSE
	EndGlobalSection
	GlobalSection(ExtensibilityGlobals) = postSolution
		SolutionGuid = {A5545A4B-2D09-49A8-B1E7-BA7541701F27}
	EndGlobalSection
EndGlobal
